// !$*UTF8*$!
{
	archiveVersion = 1;
	classes = {
	};
	objectVersion = 46;
	objects = {

/* Begin PBXBuildFile section */
		D874FB131A58D52C00F6FE5F /* main.m in Sources */ = {isa = PBXBuildFile; fileRef = D874FB121A58D52C00F6FE5F /* main.m */; };
		D874FB211A58DE3300F6FE5F /* ConcreteObserverA.m in Sources */ = {isa = PBXBuildFile; fileRef = D874FB201A58DE3300F6FE5F /* ConcreteObserverA.m */; };
		D874FB241A58E01100F6FE5F /* ConcreteObserverB.m in Sources */ = {isa = PBXBuildFile; fileRef = D874FB231A58E01100F6FE5F /* ConcreteObserverB.m */; };
		D874FB271A58E12400F6FE5F /* Subject.m in Sources */ = {isa = PBXBuildFile; fileRef = D874FB261A58E12400F6FE5F /* Subject.m */; };
/* End PBXBuildFile section */

/* Begin PBXCopyFilesBuildPhase section */
		D874FB0D1A58D52C00F6FE5F /* CopyFiles */ = {
			isa = PBXCopyFilesBuildPhase;
			buildActionMask = 2147483647;
			dstPath = /usr/share/man/man1/;
			dstSubfolderSpec = 0;
			files = (
			);
			runOnlyForDeploymentPostprocessing = 1;
		};
/* End PBXCopyFilesBuildPhase section */

/* Begin PBXFileReference section */
		D874FB0F1A58D52C00F6FE5F /* Observer */ = {isa = PBXFileReference; explicitFileType = "compiled.mach-o.executable"; includeInIndex = 0; path = Observer; sourceTree = BUILT_PRODUCTS_DIR; };
		D874FB121A58D52C00F6FE5F /* main.m */ = {isa = PBXFileReference; lastKnownFileType = sourcecode.c.objc; path = main.m; sourceTree = "<group>"; };
		D874FB191A58D53C00F6FE5F /* Observer.h */ = {isa = PBXFileReference; fileEncoding = 4; lastKnownFileType = sourcecode.c.h; path = Observer.h; sourceTree = "<group>"; };
		D874FB1F1A58DE3300F6FE5F /* ConcreteObserverA.h */ = {isa = PBXFileReference; fileEncoding = 4; lastKnownFileType = sourcecode.c.h; path = ConcreteObserverA.h; sourceTree = "<group>"; };
		D874FB201A58DE3300F6FE5F /* ConcreteObserverA.m */ = {isa = PBXFileReference; fileEncoding = 4; lastKnownFileType = sourcecode.c.objc; path = ConcreteObserverA.m; sourceTree = "<group>"; };
		D874FB221A58E01100F6FE5F /* ConcreteObserverB.h */ = {isa = PBXFileReference; fileEncoding = 4; lastKnownFileType = sourcecode.c.h; path = ConcreteObserverB.h; sourceTree = "<group>"; };
		D874FB231A58E01100F6FE5F /* ConcreteObserverB.m */ = {isa = PBXFileReference; fileEncoding = 4; lastKnownFileType = sourcecode.c.objc; path = ConcreteObserverB.m; sourceTree = "<group>"; };
		D874FB251A58E12400F6FE5F /* Subject.h */ = {isa = PBXFileReference; fileEncoding = 4; lastKnownFileType = sourcecode.c.h; path = Subject.h; sourceTree = "<group>"; };
		D874FB261A58E12400F6FE5F /* Subject.m */ = {isa = PBXFileReference; fileEncoding = 4; lastKnownFileType = sourcecode.c.objc; path = Subject.m; sourceTree = "<group>"; };
/* End PBXFileReference section */

/* Begin PBXFrameworksBuildPhase section */
		D874FB0C1A58D52C00F6FE5F /* Frameworks */ = {
			isa = PBXFrameworksBuildPhase;
			buildActionMask = 2147483647;
			files = (
			);
			runOnlyForDeploymentPostprocessing = 0;
		};
/* End PBXFrameworksBuildPhase section */

/* Begin PBXGroup section */
		D874FB061A58D52C00F6FE5F = {
			isa = PBXGroup;
			children = (
				D874FB111A58D52C00F6FE5F /* Observer */,
				D874FB101A58D52C00F6FE5F /* Products */,
			);
			sourceTree = "<group>";
		};
		D874FB101A58D52C00F6FE5F /* Products */ = {
			isa = PBXGroup;
			children = (
				D874FB0F1A58D52C00F6FE5F /* Observer */,
			);
			name = Products;
			sourceTree = "<group>";
		};
		D874FB111A58D52C00F6FE5F /* Observer */ = {
			isa = PBXGroup;
			children = (
				D874FB121A58D52C00F6FE5F /* main.m */,
				D874FB191A58D53C00F6FE5F /* Observer.h */,
				D874FB1F1A58DE3300F6FE5F /* ConcreteObserverA.h */,
				D874FB201A58DE3300F6FE5F /* ConcreteObserverA.m */,
				D874FB221A58E01100F6FE5F /* ConcreteObserverB.h */,
				D874FB231A58E01100F6FE5F /* ConcreteObserverB.m */,
				D874FB251A58E12400F6FE5F /* Subject.h */,
				D874FB261A58E12400F6FE5F /* Subject.m */,
			);
			path = Observer;
			sourceTree = "<group>";
		};
/* End PBXGroup section */

/* Begin PBXNativeTarget section */
		D874FB0E1A58D52C00F6FE5F /* Observer */ = {
			isa = PBXNativeTarget;
			buildConfigurationList = D874FB161A58D52C00F6FE5F /* Build configuration list for PBXNativeTarget "Observer" */;
			buildPhases = (
				D874FB0B1A58D52C00F6FE5F /* Sources */,
				D874FB0C1A58D52C00F6FE5F /* Frameworks */,
				D874FB0D1A58D52C00F6FE5F /* CopyFiles */,
			);
			buildRules = (
			);
			dependencies = (
			);
			name = Observer;
			productName = Observer;
			productReference = D874FB0F1A58D52C00F6FE5F /* Observer */;
			productType = "com.apple.product-type.tool";
		};
/* End PBXNativeTarget section */

/* Begin PBXProject section */
		D874FB071A58D52C00F6FE5F /* Project object */ = {
			isa = PBXProject;
			attributes = {
				LastUpgradeCheck = 0610;
				ORGANIZATIONNAME = ROC;
				TargetAttributes = {
					D874FB0E1A58D52C00F6FE5F = {
						CreatedOnToolsVersion = 6.1.1;
					};
				};
			};
			buildConfigurationList = D874FB0A1A58D52C00F6FE5F /* Build configuration list for PBXProject "Observer" */;
			compatibilityVersion = "Xcode 3.2";
			developmentRegion = English;
			hasScannedForEncodings = 0;
			knownRegions = (
				en,
			);
			mainGroup = D874FB061A58D52C00F6FE5F;
			productRefGroup = D874FB101A58D52C00F6FE5F /* Products */;
			projectDirPath = "";
			projectRoot = "";
			targets = (
				D874FB0E1A58D52C00F6FE5F /* Observer */,
			);
		};
/* End PBXProject section */

/* Begin PBXSourcesBuildPhase section */
		D874FB0B1A58D52C00F6FE5F /* Sources */ = {
			isa = PBXSourcesBuildPhase;
			buildActionMask = 2147483647;
			files = (
				D874FB271A58E12400F6FE5F /* Subject.m in Sources */,
				D874FB211A58DE3300F6FE5F /* ConcreteObserverA.m in Sources */,
				D874FB131A58D52C00F6FE5F /* main.m in Sources */,
				D874FB241A58E01100F6FE5F /* ConcreteObserverB.m in Sources */,
			);
			runOnlyForDeploymentPostprocessing = 0;
		};
/* End PBXSourcesBuildPhase section */

/* Begin XCBuildConfiguration section */
		D874FB141A58D52C00F6FE5F /* Debug */ = {
			isa = XCBuildConfiguration;
			buildSettings = {
				ALWAYS_SEARCH_USER_PATHS = NO;
				CLANG_CXX_LANGUAGE_STANDARD = "gnu++0x";
				CLANG_CXX_LIBRARY = "libc++";
				CLANG_ENABLE_MODULES = YES;
				CLANG_ENABLE_OBJC_ARC = YES;
				CLANG_WARN_BOOL_CONVERSION = YES;
				CLANG_WARN_CONSTANT_CONVERSION = YES;
				CLANG_WARN_DIRECT_OBJC_ISA_USAGE = YES_ERROR;
				CLANG_WARN_EMPTY_BODY = YES;
				CLANG_WARN_ENUM_CONVERSION = YES;
				CLANG_WARN_INT_CONVERSION = YES;
				CLANG_WARN_OBJC_ROOT_CLASS = YES_ERROR;
				CLANG_WARN_UNREACHABLE_CODE = YES;
				CLANG_WARN__DUPLICATE_METHOD_MATCH = YES;
				COPY_PHASE_STRIP = NO;
				ENABLE_STRICT_OBJC_MSGSEND = YES;
				GCC_C_LANGUAGE_STANDARD = gnu99;
				GCC_DYNAMIC_NO_PIC = NO;
				GCC_OPTIMIZATION_LEVEL = 0;
				GCC_PREPROCESSOR_DEFINITIONS = (
					"DEBUG=1",
					"$(inherited)",
				);
				GCC_SYMBOLS_PRIVATE_EXTERN = NO;
				GCC_WARN_64_TO_32_BIT_CONVERSION = YES;
				GCC_WARN_ABOUT_RETURN_TYPE = YES_ERROR;
				GCC_WARN_UNDECLARED_SELECTOR = YES;
				GCC_WARN_UNINITIALIZED_AUTOS = YES_AGGRESSIVE;
				GCC_WARN_UNUSED_FUNCTION = YES;
				GCC_WARN_UNUSED_VARIABLE = YES;
				MACOSX_DEPLOYMENT_TARGET = 10.10;
				MTL_ENABLE_DEBUG_INFO = YES;
				ONLY_ACTIVE_ARCH = YES;
				SDKROOT = macosx;
			};
			name = Debug;
		};
		D874FB151A58D52C00F6FE5F /* Release */ = {
			isa = XCBuildConfiguration;
			buildSettings = {
				ALWAYS_SEARCH_USER_PATHS = NO;
				CLANG_CXX_LANGUAGE_STANDARD = "gnu++0x";
				CLANG_CXX_LIBRARY = "libc++";
				CLANG_ENABLE_MODULES = YES;
				CLANG_ENABLE_OBJC_ARC = YES;
				CLANG_WARN_BOOL_CONVERSION = YES;
				CLANG_WARN_CONSTANT_CONVERSION = YES;
				CLANG_WARN_DIRECT_OBJC_ISA_USAGE = YES_ERROR;
				CLANG_WARN_EMPTY_BODY = YES;
				CLANG_WARN_ENUM_CONVERSION = YES;
				CLANG_WARN_INT_CONVERSION = YES;
				CLANG_WARN_OBJC_ROOT_CLASS = YES_ERROR;
				CLANG_WARN_UNREACHABLE_CODE = YES;
				CLANG_WARN__DUPLICATE_METHOD_MATCH = YES;
				COPY_PHASE_STRIP = YES;
				DEBUG_INFORMATION_FORMAT = "dwarf-with-dsym";
				ENABLE_NS_ASSERTIONS = NO;
				ENABLE_STRICT_OBJC_MSGSEND = YES;
				GCC_C_LANGUAGE_STANDARD = gnu99;
				GCC_WARN_64_TO_32_BIT_CONVERSION = YES;
				GCC_WARN_ABOUT_RETURN_TYPE = YES_ERROR;
				GCC_WARN_UNDECLARED_SELECTOR = YES;
				GCC_WARN_UNINITIALIZED_AUTOS = YES_AGGRESSIVE;
				GCC_WARN_UNUSED_FUNCTION = YES;
				GCC_WARN_UNUSED_VARIABLE = YES;
				MACOSX_DEPLOYMENT_TARGET = 10.10;
				MTL_ENABLE_DEBUG_INFO = NO;
				SDKROOT = macosx;
			};
			name = Release;
		};
		D874FB171A58D52C00F6FE5F /* Debug */ = {
			isa = XCBuildConfiguration;
			buildSettings = {
				PRODUCT_NAME = "$(TARGET_NAME)";
			};
			name = Debug;
		};
		D874FB181A58D52C00F6FE5F /* Release */ = {
			isa = XCBuildConfiguration;
			buildSettings = {
				PRODUCT_NAME = "$(TARGET_NAME)";
			};
			name = Release;
		};
/* End XCBuildConfiguration section */

/* Begin XCConfigurationList section */
		D874FB0A1A58D52C00F6FE5F /* Build configuration list for PBXProject "Observer" */ = {
			isa = XCConfigurationList;
			buildConfigurations = (
				D874FB141A58D52C00F6FE5F /* Debug */,
				D874FB151A58D52C00F6FE5F /* Release */,
			);
			defaultConfigurationIsVisible = 0;
			defaultConfigurationName = Release;
		};
		D874FB161A58D52C00F6FE5F /* Build configuration list for PBXNativeTarget "Observer" */ = {
			isa = XCConfigurationList;
			buildConfigurations = (
				D874FB171A58D52C00F6FE5F /* Debug */,
				D874FB181A58D52C00F6FE5F /* Release */,
			);
			defaultConfigurationIsVisible = 0;
		};
/* End XCConfigurationList section */
	};
	rootObject = D874FB071A58D52C00F6FE5F /* Project object */;
}
